
Microsoft Visual Studio Solution File, Format Version 12.00
# Visual Studio Version 17
VisualStudioVersion = 17.4.33403.182
MinimumVisualStudioVersion = 10.0.40219.1
Project("{FAE04EC0-301F-11D3-BF4B-00C04F79EFBC}") = "JOBPORTAL", "JOBPORTAL\JOBPORTAL.csproj", "{A7A7F9E9-71DB-4081-9DD3-3AA8B2564CE2}"
EndProject
Global
	GlobalSection(SolutionConfigurationPlatforms) = preSolution
		Debug|Any CPU = Debug|Any CPU
		Release|Any CPU = Release|Any CPU
	EndGlobalSection
	GlobalSection(ProjectConfigurationPlatforms) = postSolution
		{A7A7F9E9-71DB-4081-9DD3-3AA8B2564CE2}.Debug|Any CPU.ActiveCfg = Debug|Any CPU
		{A7A7F9E9-71DB-4081-9DD3-3AA8B2564CE2}.Debug|Any CPU.Build.0 = Debug|Any CPU
		{A7A7F9E9-71DB-4081-9DD3-3AA8B2564CE2}.Release|Any CPU.ActiveCfg = Release|Any CPU
		{A7A7F9E9-71DB-4081-9DD3-3AA8B2564CE2}.Release|Any CPU.Build.0 = Release|Any CPU
	EndGlobalSection
	GlobalSection(SolutionProperties) = preSolution
		HideSolutionNode = FALSE
	EndGlobalSection
	GlobalSection(ExtensibilityGlobals) = postSolution
		SolutionGuid = {E1523528-E5B2-4B1E-A8B9-D95C94C66F54}
	EndGlobalSection
EndGlobal
